
Microsoft Visual Studio Solution File, Format Version 12.00
# Visual Studio Version 16
VisualStudioVersion = 16.0.31729.503
MinimumVisualStudioVersion = 10.0.40219.1
Project("{9A19103F-16F7-4668-BE54-9A1E7A4F7556}") = "OpenCEX", "OpenCEX_v3\OpenCEX.csproj", "{6C5FB1A1-3D90-4D09-8721-9A65FA20618A}"
EndProject
Project("{9A19103F-16F7-4668-BE54-9A1E7A4F7556}") = "OpenCEX.Tests", "OpenCEX.Tests\OpenCEX.Tests.csproj", "{55FAF996-DA52-4E1C-9127-57330214BEE9}"
EndProject
Project("{FAE04EC0-301F-11D3-BF4B-00C04F79EFBC}") = "OpenCEX.Authentication", "OpenCEX.Authentication\OpenCEX.Authentication.csproj", "{1E51550C-6236-4B26-A411-98F6D5556BD4}"
EndProject
Global
	GlobalSection(SolutionConfigurationPlatforms) = preSolution
		Debug|Any CPU = Debug|Any CPU
		Release|Any CPU = Release|Any CPU
	EndGlobalSection
	GlobalSection(ProjectConfigurationPlatforms) = postSolution
		{6C5FB1A1-3D90-4D09-8721-9A65FA20618A}.Debug|Any CPU.ActiveCfg = Debug|Any CPU
		{6C5FB1A1-3D90-4D09-8721-9A65FA20618A}.Debug|Any CPU.Build.0 = Debug|Any CPU
		{6C5FB1A1-3D90-4D09-8721-9A65FA20618A}.Release|Any CPU.ActiveCfg = Release|Any CPU
		{6C5FB1A1-3D90-4D09-8721-9A65FA20618A}.Release|Any CPU.Build.0 = Release|Any CPU
		{55FAF996-DA52-4E1C-9127-57330214BEE9}.Debug|Any CPU.ActiveCfg = Debug|Any CPU
		{55FAF996-DA52-4E1C-9127-57330214BEE9}.Debug|Any CPU.Build.0 = Debug|Any CPU
		{55FAF996-DA52-4E1C-9127-57330214BEE9}.Release|Any CPU.ActiveCfg = Release|Any CPU
		{55FAF996-DA52-4E1C-9127-57330214BEE9}.Release|Any CPU.Build.0 = Release|Any CPU
		{1E51550C-6236-4B26-A411-98F6D5556BD4}.Debug|Any CPU.ActiveCfg = Debug|Any CPU
		{1E51550C-6236-4B26-A411-98F6D5556BD4}.Debug|Any CPU.Build.0 = Debug|Any CPU
		{1E51550C-6236-4B26-A411-98F6D5556BD4}.Release|Any CPU.ActiveCfg = Release|Any CPU
		{1E51550C-6236-4B26-A411-98F6D5556BD4}.Release|Any CPU.Build.0 = Release|Any CPU
	EndGlobalSection
	GlobalSection(SolutionProperties) = preSolution
		HideSolutionNode = FALSE
	EndGlobalSection
	GlobalSection(ExtensibilityGlobals) = postSolution
		SolutionGuid = {EDC9C343-5D87-44CA-855F-D182379C9DF4}
	EndGlobalSection
EndGlobal
